// !$*UTF8*$!
{
	archiveVersion = 1;
	classes = {
	};
	objectVersion = 46;
	objects = {

/* Begin PBXBuildFile section */
		6CA39B641E71C057008A070F /* AppDelegate.swift in Sources */ = {isa = PBXBuildFile; fileRef = 6CA39B631E71C057008A070F /* AppDelegate.swift */; };
		6CA39B661E71C057008A070F /* BirdCollectionViewController.swift in Sources */ = {isa = PBXBuildFile; fileRef = 6CA39B651E71C057008A070F /* BirdCollectionViewController.swift */; };
		6CA39B691E71C057008A070F /* Main.storyboard in Resources */ = {isa = PBXBuildFile; fileRef = 6CA39B671E71C057008A070F /* Main.storyboard */; };
		6CA39B6B1E71C057008A070F /* Assets.xcassets in Resources */ = {isa = PBXBuildFile; fileRef = 6CA39B6A1E71C057008A070F /* Assets.xcassets */; };
		6CA39B6E1E71C057008A070F /* LaunchScreen.storyboard in Resources */ = {isa = PBXBuildFile; fileRef = 6CA39B6C1E71C057008A070F /* LaunchScreen.storyboard */; };
		6CA39B761E71C201008A070F /* Bird.swift in Sources */ = {isa = PBXBuildFile; fileRef = 6CA39B751E71C201008A070F /* Bird.swift */; };
		6CA39B781E71C356008A070F /* BirdCollectionViewCell.swift in Sources */ = {isa = PBXBuildFile; fileRef = 6CA39B771E71C356008A070F /* BirdCollectionViewCell.swift */; };
		6CCF33381E71DBC000F4FDE5 /* BirdTableViewCell.swift in Sources */ = {isa = PBXBuildFile; fileRef = 6CCF33371E71DBC000F4FDE5 /* BirdTableViewCell.swift */; };
		6CCF333C1E71DCC400F4FDE5 /* BirdTableViewController.swift in Sources */ = {isa = PBXBuildFile; fileRef = 6CCF333B1E71DCC400F4FDE5 /* BirdTableViewController.swift */; };
/* End PBXBuildFile section */

/* Begin PBXFileReference section */
		6CA39B601E71C057008A070F /* CollectionAndTableView.app */ = {isa = PBXFileReference; explicitFileType = wrapper.application; includeInIndex = 0; path = CollectionAndTableView.app; sourceTree = BUILT_PRODUCTS_DIR; };
		6CA39B631E71C057008A070F /* AppDelegate.swift */ = {isa = PBXFileReference; lastKnownFileType = sourcecode.swift; path = AppDelegate.swift; sourceTree = "<group>"; };
		6CA39B651E71C057008A070F /* BirdCollectionViewController.swift */ = {isa = PBXFileReference; lastKnownFileType = sourcecode.swift; path = BirdCollectionViewController.swift; sourceTree = "<group>"; };
		6CA39B681E71C057008A070F /* Base */ = {isa = PBXFileReference; lastKnownFileType = file.storyboard; name = Base; path = Base.lproj/Main.storyboard; sourceTree = "<group>"; };
		6CA39B6A1E71C057008A070F /* Assets.xcassets */ = {isa = PBXFileReference; lastKnownFileType = folder.assetcatalog; path = Assets.xcassets; sourceTree = "<group>"; };
		6CA39B6D1E71C057008A070F /* Base */ = {isa = PBXFileReference; lastKnownFileType = file.storyboard; name = Base; path = Base.lproj/LaunchScreen.storyboard; sourceTree = "<group>"; };
		6CA39B6F1E71C057008A070F /* Info.plist */ = {isa = PBXFileReference; lastKnownFileType = text.plist.xml; path = Info.plist; sourceTree = "<group>"; };
		6CA39B751E71C201008A070F /* Bird.swift */ = {isa = PBXFileReference; fileEncoding = 4; lastKnownFileType = sourcecode.swift; path = Bird.swift; sourceTree = "<group>"; };
		6CA39B771E71C356008A070F /* BirdCollectionViewCell.swift */ = {isa = PBXFileReference; fileEncoding = 4; lastKnownFileType = sourcecode.swift; path = BirdCollectionViewCell.swift; sourceTree = "<group>"; };
		6CCF33371E71DBC000F4FDE5 /* BirdTableViewCell.swift */ = {isa = PBXFileReference; fileEncoding = 4; lastKnownFileType = sourcecode.swift; path = BirdTableViewCell.swift; sourceTree = "<group>"; };
		6CCF333B1E71DCC400F4FDE5 /* BirdTableViewController.swift */ = {isa = PBXFileReference; fileEncoding = 4; lastKnownFileType = sourcecode.swift; path = BirdTableViewController.swift; sourceTree = "<group>"; };
/* End PBXFileReference section */

/* Begin PBXFrameworksBuildPhase section */
		6CA39B5D1E71C056008A070F /* Frameworks */ = {
			isa = PBXFrameworksBuildPhase;
			buildActionMask = 2147483647;
			files = (
			);
			runOnlyForDeploymentPostprocessing = 0;
		};
/* End PBXFrameworksBuildPhase section */

/* Begin PBXGroup section */
		6CA39B571E71C056008A070F = {
			isa = PBXGroup;
			children = (
				6CCF333B1E71DCC400F4FDE5 /* BirdTableViewController.swift */,
				6CA39B621E71C057008A070F /* CollectionAndTableView */,
				6CA39B611E71C057008A070F /* Products */,
			);
			sourceTree = "<group>";
		};
		6CA39B611E71C057008A070F /* Products */ = {
			isa = PBXGroup;
			children = (
				6CA39B601E71C057008A070F /* CollectionAndTableView.app */,
			);
			name = Products;
			sourceTree = "<group>";
		};
		6CA39B621E71C057008A070F /* CollectionAndTableView */ = {
			isa = PBXGroup;
			children = (
				6CA39B631E71C057008A070F /* AppDelegate.swift */,
				6CA39B651E71C057008A070F /* BirdCollectionViewController.swift */,
				6CA39B671E71C057008A070F /* Main.storyboard */,
				6CCF33371E71DBC000F4FDE5 /* BirdTableViewCell.swift */,
				6CA39B771E71C356008A070F /* BirdCollectionViewCell.swift */,
				6CA39B751E71C201008A070F /* Bird.swift */,
				6CA39B6A1E71C057008A070F /* Assets.xcassets */,
				6CA39B6C1E71C057008A070F /* LaunchScreen.storyboard */,
				6CA39B6F1E71C057008A070F /* Info.plist */,
			);
			path = CollectionAndTableView;
			sourceTree = "<group>";
		};
/* End PBXGroup section */

/* Begin PBXNativeTarget section */
		6CA39B5F1E71C056008A070F /* CollectionAndTableView */ = {
			isa = PBXNativeTarget;
			buildConfigurationList = 6CA39B721E71C057008A070F /* Build configuration list for PBXNativeTarget "CollectionAndTableView" */;
			buildPhases = (
				6CA39B5C1E71C056008A070F /* Sources */,
				6CA39B5D1E71C056008A070F /* Frameworks */,
				6CA39B5E1E71C056008A070F /* Resources */,
			);
			buildRules = (
			);
			dependencies = (
			);
			name = CollectionAndTableView;
			productName = CollectionAndTableView;
			productReference = 6CA39B601E71C057008A070F /* CollectionAndTableView.app */;
			productType = "com.apple.product-type.application";
		};
/* End PBXNativeTarget section */

/* Begin PBXProject section */
		6CA39B581E71C056008A070F /* Project object */ = {
			isa = PBXProject;
			attributes = {
				LastSwiftUpdateCheck = 0820;
				LastUpgradeCheck = 0820;
				ORGANIZATIONNAME = "Paige Plander";
				TargetAttributes = {
					6CA39B5F1E71C056008A070F = {
						CreatedOnToolsVersion = 8.2.1;
						DevelopmentTeam = HM36DDY9LB;
						ProvisioningStyle = Automatic;
					};
				};
			};
			buildConfigurationList = 6CA39B5B1E71C056008A070F /* Build configuration list for PBXProject "CollectionAndTableView" */;
			compatibilityVersion = "Xcode 3.2";
			developmentRegion = English;
			hasScannedForEncodings = 0;
			knownRegions = (
				en,
				Base,
			);
			mainGroup = 6CA39B571E71C056008A070F;
			productRefGroup = 6CA39B611E71C057008A070F /* Products */;
			projectDirPath = "";
			projectRoot = "";
			targets = (
				6CA39B5F1E71C056008A070F /* CollectionAndTableView */,
			);
		};
/* End PBXProject section */

/* Begin PBXResourcesBuildPhase section */
		6CA39B5E1E71C056008A070F /* Resources */ = {
			isa = PBXResourcesBuildPhase;
			buildActionMask = 2147483647;
			files = (
				6CA39B6E1E71C057008A070F /* LaunchScreen.storyboard in Resources */,
				6CA39B6B1E71C057008A070F /* Assets.xcassets in Resources */,
				6CA39B691E71C057008A070F /* Main.storyboard in Resources */,
			);
			runOnlyForDeploymentPostprocessing = 0;
		};
/* End PBXResourcesBuildPhase section */

/* Begin PBXSourcesBuildPhase section */
		6CA39B5C1E71C056008A070F /* Sources */ = {
			isa = PBXSourcesBuildPhase;
			buildActionMask = 2147483647;
			files = (
				6CA39B781E71C356008A070F /* BirdCollectionViewCell.swift in Sources */,
				6CCF33381E71DBC000F4FDE5 /* BirdTableViewCell.swift in Sources */,
				6CA39B661E71C057008A070F /* BirdCollectionViewController.swift in Sources */,
				6CA39B761E71C201008A070F /* Bird.swift in Sources */,
				6CCF333C1E71DCC400F4FDE5 /* BirdTableViewController.swift in Sources */,
				6CA39B641E71C057008A070F /* AppDelegate.swift in Sources */,
			);
			runOnlyForDeploymentPostprocessing = 0;
		};
/* End PBXSourcesBuildPhase section */

/* Begin PBXVariantGroup section */
		6CA39B671E71C057008A070F /* Main.storyboard */ = {
			isa = PBXVariantGroup;
			children = (
				6CA39B681E71C057008A070F /* Base */,
			);
			name = Main.storyboard;
			sourceTree = "<group>";
		};
		6CA39B6C1E71C057008A070F /* LaunchScreen.storyboard */ = {
			isa = PBXVariantGroup;
			children = (
				6CA39B6D1E71C057008A070F /* Base */,
			);
			name = LaunchScreen.storyboard;
			sourceTree = "<group>";
		};
/* End PBXVariantGroup section */

/* Begin XCBuildConfiguration section */
		6CA39B701E71C057008A070F /* Debug */ = {
			isa = XCBuildConfiguration;
			buildSettings = {
				ALWAYS_SEARCH_USER_PATHS = NO;
				CLANG_ANALYZER_NONNULL = YES;
				CLANG_CXX_LANGUAGE_STANDARD = "gnu++0x";
				CLANG_CXX_LIBRARY = "libc++";
				CLANG_ENABLE_MODULES = YES;
				CLANG_ENABLE_OBJC_ARC = YES;
				CLANG_WARN_BOOL_CONVERSION = YES;
				CLANG_WARN_CONSTANT_CONVERSION = YES;
				CLANG_WARN_DIRECT_OBJC_ISA_USAGE = YES_ERROR;
				CLANG_WARN_DOCUMENTATION_COMMENTS = YES;
				CLANG_WARN_EMPTY_BODY = YES;
				CLANG_WARN_ENUM_CONVERSION = YES;
				CLANG_WARN_INFINITE_RECURSION = YES;
				CLANG_WARN_INT_CONVERSION = YES;
				CLANG_WARN_OBJC_ROOT_CLASS = YES_ERROR;
				CLANG_WARN_SUSPICIOUS_MOVE = YES;
				CLANG_WARN_UNREACHABLE_CODE = YES;
				CLANG_WARN__DUPLICATE_METHOD_MATCH = YES;
				"CODE_SIGN_IDENTITY[sdk=iphoneos*]" = "iPhone Developer";
				COPY_PHASE_STRIP = NO;
				DEBUG_INFORMATION_FORMAT = dwarf;
				ENABLE_STRICT_OBJC_MSGSEND = YES;
				ENABLE_TESTABILITY = YES;
				GCC_C_LANGUAGE_STANDARD = gnu99;
				GCC_DYNAMIC_NO_PIC = NO;
				GCC_NO_COMMON_BLOCKS = YES;
				GCC_OPTIMIZATION_LEVEL = 0;
				GCC_PREPROCESSOR_DEFINITIONS = (
					"DEBUG=1",
					"$(inherited)",
				);
				GCC_WARN_64_TO_32_BIT_CONVERSION = YES;
				GCC_WARN_ABOUT_RETURN_TYPE = YES_ERROR;
				GCC_WARN_UNDECLARED_SELECTOR = YES;
				GCC_WARN_UNINITIALIZED_AUTOS = YES_AGGRESSIVE;
				GCC_WARN_UNUSED_FUNCTION = YES;
				GCC_WARN_UNUSED_VARIABLE = YES;
				IPHONEOS_DEPLOYMENT_TARGET = 10.2;
				MTL_ENABLE_DEBUG_INFO = YES;
				ONLY_ACTIVE_ARCH = YES;
				SDKROOT = iphoneos;
				SWIFT_ACTIVE_COMPILATION_CONDITIONS = DEBUG;
				SWIFT_OPTIMIZATION_LEVEL = "-Onone";
				TARGETED_DEVICE_FAMILY = "1,2";
			};
			name = Debug;
		};
		6CA39B711E71C057008A070F /* Release */ = {
			isa = XCBuildConfiguration;
			buildSettings = {
				ALWAYS_SEARCH_USER_PATHS = NO;
				CLANG_ANALYZER_NONNULL = YES;
				CLANG_CXX_LANGUAGE_STANDARD = "gnu++0x";
				CLANG_CXX_LIBRARY = "libc++";
				CLANG_ENABLE_MODULES = YES;
				CLANG_ENABLE_OBJC_ARC = YES;
				CLANG_WARN_BOOL_CONVERSION = YES;
				CLANG_WARN_CONSTANT_CONVERSION = YES;
				CLANG_WARN_DIRECT_OBJC_ISA_USAGE = YES_ERROR;
				CLANG_WARN_DOCUMENTATION_COMMENTS = YES;
				CLANG_WARN_EMPTY_BODY = YES;
				CLANG_WARN_ENUM_CONVERSION = YES;
				CLANG_WARN_INFINITE_RECURSION = YES;
				CLANG_WARN_INT_CONVERSION = YES;
				CLANG_WARN_OBJC_ROOT_CLASS = YES_ERROR;
				CLANG_WARN_SUSPICIOUS_MOVE = YES;
				CLANG_WARN_UNREACHABLE_CODE = YES;
				CLANG_WARN__DUPLICATE_METHOD_MATCH = YES;
				"CODE_SIGN_IDENTITY[sdk=iphoneos*]" = "iPhone Developer";
				COPY_PHASE_STRIP = NO;
				DEBUG_INFORMATION_FORMAT = "dwarf-with-dsym";
				ENABLE_NS_ASSERTIONS = NO;
				ENABLE_STRICT_OBJC_MSGSEND = YES;
				GCC_C_LANGUAGE_STANDARD = gnu99;
				GCC_NO_COMMON_BLOCKS = YES;
				GCC_WARN_64_TO_32_BIT_CONVERSION = YES;
				GCC_WARN_ABOUT_RETURN_TYPE = YES_ERROR;
				GCC_WARN_UNDECLARED_SELECTOR = YES;
				GCC_WARN_UNINITIALIZED_AUTOS = YES_AGGRESSIVE;
				GCC_WARN_UNUSED_FUNCTION = YES;
				GCC_WARN_UNUSED_VARIABLE = YES;
				IPHONEOS_DEPLOYMENT_TARGET = 10.2;
				MTL_ENABLE_DEBUG_INFO = NO;
				SDKROOT = iphoneos;
				SWIFT_OPTIMIZATION_LEVEL = "-Owholemodule";
				TARGETED_DEVICE_FAMILY = "1,2";
				VALIDATE_PRODUCT = YES;
			};
			name = Release;
		};
		6CA39B731E71C057008A070F /* Debug */ = {
			isa = XCBuildConfiguration;
			buildSettings = {
				ASSETCATALOG_COMPILER_APPICON_NAME = AppIcon;
				DEVELOPMENT_TEAM = HM36DDY9LB;
				INFOPLIST_FILE = CollectionAndTableView/Info.plist;
				LD_RUNPATH_SEARCH_PATHS = "$(inherited) @executable_path/Frameworks";
				PRODUCT_BUNDLE_IDENTIFIER = "Paige-Plander.CollectionAndTableView";
				PRODUCT_NAME = "$(TARGET_NAME)";
				SWIFT_VERSION = 3.0;
			};
			name = Debug;
		};
		6CA39B741E71C057008A070F /* Release */ = {
			isa = XCBuildConfiguration;
			buildSettings = {
				ASSETCATALOG_COMPILER_APPICON_NAME = AppIcon;
				DEVELOPMENT_TEAM = HM36DDY9LB;
				INFOPLIST_FILE = CollectionAndTableView/Info.plist;
				LD_RUNPATH_SEARCH_PATHS = "$(inherited) @executable_path/Frameworks";
				PRODUCT_BUNDLE_IDENTIFIER = "Paige-Plander.CollectionAndTableView";
				PRODUCT_NAME = "$(TARGET_NAME)";
				SWIFT_VERSION = 3.0;
			};
			name = Release;
		};
/* End XCBuildConfiguration section */

/* Begin XCConfigurationList section */
		6CA39B5B1E71C056008A070F /* Build configuration list for PBXProject "CollectionAndTableView" */ = {
			isa = XCConfigurationList;
			buildConfigurations = (
				6CA39B701E71C057008A070F /* Debug */,
				6CA39B711E71C057008A070F /* Release */,
			);
			defaultConfigurationIsVisible = 0;
			defaultConfigurationName = Release;
		};
		6CA39B721E71C057008A070F /* Build configuration list for PBXNativeTarget "CollectionAndTableView" */ = {
			isa = XCConfigurationList;
			buildConfigurations = (
				6CA39B731E71C057008A070F /* Debug */,
				6CA39B741E71C057008A070F /* Release */,
			);
			defaultConfigurationIsVisible = 0;
			defaultConfigurationName = Release;
		};
/* End XCConfigurationList section */
	};
	rootObject = 6CA39B581E71C056008A070F /* Project object */;
}
